
Microsoft Visual Studio Solution File, Format Version 12.00
# Visual Studio Version 16
VisualStudioVersion = 16.0.30626.31
MinimumVisualStudioVersion = 10.0.40219.1
Project("{FAE04EC0-301F-11D3-BF4B-00C04F79EFBC}") = "DatingApi", "DatingApi.csproj", "{B092230F-FD8A-4EE3-9A76-002AF045CA32}"
EndProject
Global
	GlobalSection(SolutionConfigurationPlatforms) = preSolution
		Debug|Any CPU = Debug|Any CPU
		Release|Any CPU = Release|Any CPU
	EndGlobalSection
	GlobalSection(ProjectConfigurationPlatforms) = postSolution
		{B092230F-FD8A-4EE3-9A76-002AF045CA32}.Debug|Any CPU.ActiveCfg = Debug|Any CPU
		{B092230F-FD8A-4EE3-9A76-002AF045CA32}.Debug|Any CPU.Build.0 = Debug|Any CPU
		{B092230F-FD8A-4EE3-9A76-002AF045CA32}.Release|Any CPU.ActiveCfg = Release|Any CPU
		{B092230F-FD8A-4EE3-9A76-002AF045CA32}.Release|Any CPU.Build.0 = Release|Any CPU
	EndGlobalSection
	GlobalSection(SolutionProperties) = preSolution
		HideSolutionNode = FALSE
	EndGlobalSection
	GlobalSection(ExtensibilityGlobals) = postSolution
		SolutionGuid = {091C62FC-6018-4942-A1E4-44D7C08183ED}
	EndGlobalSection
EndGlobal
